schemaVersion: capability-lock/v2
project: java-engineering-standard-registration-fixture
sourceHarnessRevision: content-sha256:2954e6178592b415a84ca8454c15cd8f3d9328504880f8770f41e1ffc47a9f65
disabledCapabilities: []
capabilities:
- capabilityId: framework:java:java-engineering-standard
  resolvedVersion: 0.4.0
  contentHash: b226ed62d3b3e3710fb0a3611762864524ea94e8c15fe00a3b2b7e40943de666
  sourceKind: EXTERNAL_CAPABILITY_PACK
  sourceRegistrationId: pack:java-engineering-standard
  sourceCommit: 765e9d00a3173ecfe873c1646f5dbe375de677e7
  sourceTree: d79644b05149419feba8cdd7860b7dbbb48e4961
  resolvedContentDigest: sha256:b226ed62d3b3e3710fb0a3611762864524ea94e8c15fe00a3b2b7e40943de666
  validatorIdentity:
    relativePath: scripts/verify-capability-pack
    sha256: sha256:5bd70fd85092be6424410a42c0f0a1330820cc3d7d36bc1ee0e948958e54ee01
    environmentContract: REGISTERED_TOOLCHAIN_OFFLINE_CACHE
    toolchain:
      ruby:
        absolutePath: /opt/homebrew/bin/ruby
        sha256: sha256:4694e9689687f3c2d30339c3d444a7c3f3eb39d68c7e1d9e37194ece9fe15512
      rg:
        absolutePath: /Applications/ChatGPT.app/Contents/Resources/rg
        sha256: sha256:83761933102235b0932142806cd2f56f76f2b02721078549ffa64866b165ceaf
      java:
        absolutePath: /Library/Java/JavaVirtualMachines/temurin-21.jdk/Contents/Home/bin/java
        sha256: sha256:1069d726eae63d510d2983a2a4c7869f14db200605685c98117d9a27aaa5270f
    gitHistoryContract: CANDIDATE_PARENT_TREE
    timeoutSeconds: 600
  registrationFingerprint: sha256:1b9139139ac5933f0d5d0b050bb6952a05be13aeaf77250f751936bda529e403
  sourceHarnessRevision: content-sha256:2954e6178592b415a84ca8454c15cd8f3d9328504880f8770f41e1ffc47a9f65
  resolvedBecause:
  - explicit-binding
lockFingerprint: sha256:6dd7ee2f04a58c1fcef98110a4f83334a21a01307bf0038634d4bb11d0804c43
