schemaVersion: capability-lock/v2
project: java-engineering-standard-registration-fixture
sourceHarnessRevision: content-sha256:5dca53baa96b90b7786f9d1546d191d60e5c2dfd73a734c91fd9367f02ac366b
disabledCapabilities: []
capabilities:
- capabilityId: framework:java:java-engineering-standard
  resolvedVersion: 0.4.0
  contentHash: 4e5920ddd604d7905647af94eb460f7ab20124fb96ffdea73f50ed6efd5a4581
  sourceKind: EXTERNAL_CAPABILITY_PACK
  sourceRegistrationId: pack:java-engineering-standard
  sourceCommit: 01d0e7d15ef9f6aa7814b0b001fa0b7c2c30e882
  sourceTree: 4bfc51d75c9e01e585db4cc073f952043ea01393
  resolvedContentDigest: sha256:4e5920ddd604d7905647af94eb460f7ab20124fb96ffdea73f50ed6efd5a4581
  validatorIdentity:
    relativePath: scripts/verify-capability-pack
    sha256: sha256:5bd70fd85092be6424410a42c0f0a1330820cc3d7d36bc1ee0e948958e54ee01
    environmentContract: MANAGED_TOOLCHAIN_PROFILE
    toolchainProfile:
      profileId: toolchain-profile:java-engineering-standard:darwin-arm64:v1
      profileDigest: sha256:c852142343ea97aef6d3a555e5500ecb633baf1a23d846d7bbe72a8bcf5e4490
    gitHistoryContract: CANDIDATE_PARENT_TREE
    timeoutSeconds: 600
  registrationFingerprint: sha256:cd5bbf5e763b38c96fccbf4c5a9357497c82e10fbf2272e4693fbcd2f63a708b
  sourceHarnessRevision: content-sha256:5dca53baa96b90b7786f9d1546d191d60e5c2dfd73a734c91fd9367f02ac366b
  resolvedBecause:
  - explicit-binding
lockFingerprint: sha256:90cf64c1425e75240e1225bea8e1d1f574420d06ee7bff9955e794ea6c20fb73
