schemaVersion: capability-lock/v1
project: project-fixture
sourceHarnessRevision: content-sha256:5acfd6caed1d11473907ac466014bf6571046578323570a24180cdf80b52849a
disabledCapabilities: []
capabilities:
- capabilityId: framework:agent-design:authority-analysis
  resolvedVersion: 1.0.0
  contentHash: 4fd4857d170c01c8c7672d5e16353be26a2b10897e31952d15172e418eb23f49
  sourceHarnessRevision: content-sha256:5acfd6caed1d11473907ac466014bf6571046578323570a24180cdf80b52849a
  resolvedBecause:
  - profile:agent-design-base
- capabilityId: framework:agent-design:lifecycle-analysis
  resolvedVersion: 1.0.0
  contentHash: 7a6d87e989ae4e86814fffff078b9a2af686a1e79e98f1831db7abb9ab017a09
  sourceHarnessRevision: content-sha256:5acfd6caed1d11473907ac466014bf6571046578323570a24180cdf80b52849a
  resolvedBecause:
  - profile:agent-design-base
- capabilityId: principle:agent-design:canonical-capability-not-runtime-prompt
  resolvedVersion: 1.0.0
  contentHash: e124ea2c4b2906bc5d7d8fb2ea37e648442600bdab6bb2bf658861850ea25ee3
  sourceHarnessRevision: content-sha256:5acfd6caed1d11473907ac466014bf6571046578323570a24180cdf80b52849a
  resolvedBecause:
  - profile:agent-design-base
- capabilityId: principle:agent-design:closure-requires-authority
  resolvedVersion: 1.0.0
  contentHash: c7bf1c1477f24ad95b0cf6eff47c2fe9a902e33d257b3ffae51f5e92bafc66c0
  sourceHarnessRevision: content-sha256:5acfd6caed1d11473907ac466014bf6571046578323570a24180cdf80b52849a
  resolvedBecause:
  - profile:agent-design-base
- capabilityId: principle:agent-design:project-truth-over-generic-guidance
  resolvedVersion: 1.0.0
  contentHash: fb16ec4b824fea1ccb63c589b314253c56b2cd29992c3008a4dde415532d28ab
  sourceHarnessRevision: content-sha256:5acfd6caed1d11473907ac466014bf6571046578323570a24180cdf80b52849a
  resolvedBecause:
  - profile:agent-design-base
- capabilityId: skill:agent-design:architecture-review
  resolvedVersion: 1.0.0
  contentHash: 00094ad3677d968fa101879886d2dc0e14bac5926930ddcfad897c9f8879c834
  sourceHarnessRevision: content-sha256:5acfd6caed1d11473907ac466014bf6571046578323570a24180cdf80b52849a
  resolvedBecause:
  - profile:agent-design-base
- capabilityId: skill:agent-design:baseline-finalization
  resolvedVersion: 1.0.0
  contentHash: 7fa3bb06513b3ffb97846c823451cd0832737e55c5960ad3e664f1f83a82e264
  sourceHarnessRevision: content-sha256:5acfd6caed1d11473907ac466014bf6571046578323570a24180cdf80b52849a
  resolvedBecause:
  - profile:agent-design-base
- capabilityId: skill:agent-design:design-closure-assessment
  resolvedVersion: 1.0.0
  contentHash: ca40a8b7b3e0e350f13f8fc0f5bf92feed371cfc9cf8314c7f5508e857980637
  sourceHarnessRevision: content-sha256:5acfd6caed1d11473907ac466014bf6571046578323570a24180cdf80b52849a
  resolvedBecause:
  - profile:agent-design-base
- capabilityId: skill:agent-design:next-topic-routing
  resolvedVersion: 1.0.0
  contentHash: a9ae7d5893f27cdcbc4d27fd703d11891469056f723b092ad79ce0d61d19d885
  sourceHarnessRevision: content-sha256:5acfd6caed1d11473907ac466014bf6571046578323570a24180cdf80b52849a
  resolvedBecause:
  - profile:agent-design-base
- capabilityId: workflow:agent-design:design-discussion
  resolvedVersion: 1.0.0
  contentHash: 783ea0272a87ae3265cbaf07eb03bda949d0627df61ed7160cafc04cd98cce28
  sourceHarnessRevision: content-sha256:5acfd6caed1d11473907ac466014bf6571046578323570a24180cdf80b52849a
  resolvedBecause:
  - profile:agent-design-base
